{
  "version": 4,
  "terraform_version": "1.5.7",
  "serial": 14,
  "lineage": "228d3b2a-373a-badc-c301-61f03f6194cb",
  "outputs": {
    "network_IP": {
      "value": "34.126.135.237",
      "type": "string"
    }
  },
  "resources": [
    {
      "mode": "managed",
      "type": "google_compute_instance",
      "name": "jenkins_server",
      "provider": "provider[\"registry.terraform.io/hashicorp/google\"]",
      "instances": [
        {
          "schema_version": 6,
          "attributes": {
            "advanced_machine_features": [],
            "allow_stopping_for_update": null,
            "attached_disk": [],
            "boot_disk": [
              {
                "auto_delete": true,
                "device_name": "persistent-disk-0",
                "disk_encryption_key_raw": "",
                "disk_encryption_key_sha256": "",
                "initialize_params": [
                  {
                    "enable_confidential_compute": false,
                    "image": "https://www.googleapis.com/compute/v1/projects/debian-cloud/global/images/debian-11-bullseye-v20241112",
                    "labels": {},
                    "provisioned_iops": 0,
                    "provisioned_throughput": 0,
                    "resource_manager_tags": null,
                    "resource_policies": [],
                    "size": 10,
                    "storage_pool": "",
                    "type": "pd-standard"
                  }
                ],
                "interface": "",
                "kms_key_self_link": "",
                "mode": "READ_WRITE",
                "source": "https://www.googleapis.com/compute/v1/projects/dulcet-analyst-442401-h5/zones/asia-southeast1-a/disks/jenkins-01"
              }
            ],
            "can_ip_forward": false,
            "confidential_instance_config": [],
            "cpu_platform": "Intel Broadwell",
            "creation_timestamp": "2024-11-21T20:00:23.307-08:00",
            "current_status": "RUNNING",
            "deletion_protection": false,
            "description": "",
            "desired_status": null,
            "effective_labels": {
              "goog-terraform-provisioned": "true"
            },
            "enable_display": false,
            "guest_accelerator": [],
            "hostname": "",
            "id": "projects/dulcet-analyst-442401-h5/zones/asia-southeast1-a/instances/jenkins-01",
            "instance_id": "3371543747021881144",
            "key_revocation_action_type": "",
            "label_fingerprint": "vezUS-42LLM=",
            "labels": null,
            "machine_type": "e2-medium",
            "metadata": null,
            "metadata_fingerprint": "7aFyQVMl4zQ=",
            "metadata_startup_script": "#!/bin/sh\n\n# Install Java\nsudo apt update\nsudo apt install fontconfig openjdk-17-jre -y\njava -version\n\n\n# Install Docker\nsudo apt install apt-transport-https ca-certificates curl software-properties-common -y\ncurl -fsSL https://download.docker.com/linux/ubuntu/gpg | sudo apt-key add -\nsudo add-apt-repository \"deb [arch=amd64] https://download.docker.com/linux/ubuntu focal stable\"\napt-cache policy docker-ce\nsudo apt install docker-ce -y\n\n# Install Git\nsudo apt install git -y\n\n# Custom configuration\nmkdir -p /jenkins/casc_configs/\n\ncat \u003c\u003c EOF \u003e /jenkins/casc_configs/jenkins.yaml\njenkins:\n  systemMessage: \"Jenkins configured automatically by Jenkins Configuration as Code plugin\\n\\n\"\n  clouds:\n    - docker:\n        name: \"docker\"\n        dockerApi:\n          dockerHost:\n            uri: \"unix:///var/run/docker.sock\"\n\n  slaveAgentPort: 80\n\ntool:\n  git:\n    installations:\n      - name: git\n        home: /usr/bin/git\n\nEOF\n\nCASC_JENKINS_CONFIG=\"/jenkins/casc_configs/jenkins.yaml\"\n\nmkdir -p /etc/sysconfig/\ncat \u003c\u003c EOF \u003e /etc/sysconfig/jenkins\n-Dcasc.jenkins.config=/jenkins/casc_configs\nEOF\n\n# Install Jenkins\nsudo wget -O /usr/share/keyrings/jenkins-keyring.asc \\\n  https://pkg.jenkins.io/debian-stable/jenkins.io-2023.key\necho \"deb [signed-by=/usr/share/keyrings/jenkins-keyring.asc]\" \\\n  https://pkg.jenkins.io/debian-stable binary/ | sudo tee \\\n  /etc/apt/sources.list.d/jenkins.list \u003e /dev/null\nsudo apt-get update\nsudo apt-get install jenkins\n\n\n# Start services\nsudo systemctl enable jenkins\nsudo systemctl start jenkins\n",
            "min_cpu_platform": "",
            "name": "jenkins-01",
            "network_interface": [
              {
                "access_config": [
                  {
                    "nat_ip": "34.126.135.237",
                    "network_tier": "PREMIUM",
                    "public_ptr_domain_name": ""
                  }
                ],
                "alias_ip_range": [],
                "internal_ipv6_prefix_length": 0,
                "ipv6_access_config": [],
                "ipv6_access_type": "",
                "ipv6_address": "",
                "name": "nic0",
                "network": "https://www.googleapis.com/compute/v1/projects/dulcet-analyst-442401-h5/global/networks/default",
                "network_ip": "10.148.0.7",
                "nic_type": "",
                "queue_count": 0,
                "stack_type": "IPV4_ONLY",
                "subnetwork": "https://www.googleapis.com/compute/v1/projects/dulcet-analyst-442401-h5/regions/asia-southeast1/subnetworks/default",
                "subnetwork_project": "dulcet-analyst-442401-h5"
              }
            ],
            "network_performance_config": [],
            "params": [],
            "project": "dulcet-analyst-442401-h5",
            "reservation_affinity": [],
            "resource_policies": null,
            "scheduling": [
              {
                "automatic_restart": true,
                "instance_termination_action": "",
                "local_ssd_recovery_timeout": [],
                "max_run_duration": [],
                "min_node_cpus": 0,
                "node_affinities": [],
                "on_host_maintenance": "MIGRATE",
                "on_instance_stop_action": [],
                "preemptible": false,
                "provisioning_model": "STANDARD"
              }
            ],
            "scratch_disk": [],
            "self_link": "https://www.googleapis.com/compute/v1/projects/dulcet-analyst-442401-h5/zones/asia-southeast1-a/instances/jenkins-01",
            "service_account": [],
            "shielded_instance_config": [
              {
                "enable_integrity_monitoring": true,
                "enable_secure_boot": false,
                "enable_vtpm": true
              }
            ],
            "tags": [
              "http-server"
            ],
            "tags_fingerprint": "FYLDgkTKlA4=",
            "terraform_labels": {
              "goog-terraform-provisioned": "true"
            },
            "timeouts": null,
            "zone": "asia-southeast1-a"
          },
          "sensitive_attributes": [],
          "private": "eyJlMmJmYjczMC1lY2FhLTExZTYtOGY4OC0zNDM2M2JjN2M0YzAiOnsiY3JlYXRlIjoxMjAwMDAwMDAwMDAwLCJkZWxldGUiOjEyMDAwMDAwMDAwMDAsInVwZGF0ZSI6MTIwMDAwMDAwMDAwMH0sInNjaGVtYV92ZXJzaW9uIjoiNiJ9"
        }
      ]
    }
  ],
  "check_results": null
}
